
Microsoft Visual Studio Solution File, Format Version 12.00
# Visual Studio Version 17
VisualStudioVersion = 17.6.33723.286
MinimumVisualStudioVersion = 10.0.40219.1
Project("{FAE04EC0-301F-11D3-BF4B-00C04F79EFBC}") = "soivaMultiwaris", "soivaMultiwaris\soivaMultiwaris.csproj", "{8188545B-66BA-4E7E-A104-2F640065873E}"
EndProject
Global
	GlobalSection(SolutionConfigurationPlatforms) = preSolution
		Debug|Any CPU = Debug|Any CPU
		Release|Any CPU = Release|Any CPU
	EndGlobalSection
	GlobalSection(ProjectConfigurationPlatforms) = postSolution
		{8188545B-66BA-4E7E-A104-2F640065873E}.Debug|Any CPU.ActiveCfg = Debug|Any CPU
		{8188545B-66BA-4E7E-A104-2F640065873E}.Debug|Any CPU.Build.0 = Debug|Any CPU
		{8188545B-66BA-4E7E-A104-2F640065873E}.Release|Any CPU.ActiveCfg = Release|Any CPU
		{8188545B-66BA-4E7E-A104-2F640065873E}.Release|Any CPU.Build.0 = Release|Any CPU
	EndGlobalSection
	GlobalSection(SolutionProperties) = preSolution
		HideSolutionNode = FALSE
	EndGlobalSection
	GlobalSection(ExtensibilityGlobals) = postSolution
		SolutionGuid = {24B9B9E4-2D32-47B9-BE7B-5B36E217B6E3}
	EndGlobalSection
EndGlobal
